
Microsoft Visual Studio Solution File, Format Version 12.00
# Visual Studio Version 16
VisualStudioVersion = 16.0.30611.23
MinimumVisualStudioVersion = 10.0.40219.1
Project("{FAE04EC0-301F-11D3-BF4B-00C04F79EFBC}") = "Police", "Police\Police.csproj", "{2CD2C02B-F289-4D90-8302-88261CFDFCCC}"
EndProject
Global
	GlobalSection(SolutionConfigurationPlatforms) = preSolution
		Debug|Any CPU = Debug|Any CPU
		Release|Any CPU = Release|Any CPU
	EndGlobalSection
	GlobalSection(ProjectConfigurationPlatforms) = postSolution
		{2CD2C02B-F289-4D90-8302-88261CFDFCCC}.Debug|Any CPU.ActiveCfg = Debug|Any CPU
		{2CD2C02B-F289-4D90-8302-88261CFDFCCC}.Debug|Any CPU.Build.0 = Debug|Any CPU
		{2CD2C02B-F289-4D90-8302-88261CFDFCCC}.Release|Any CPU.ActiveCfg = Release|Any CPU
		{2CD2C02B-F289-4D90-8302-88261CFDFCCC}.Release|Any CPU.Build.0 = Release|Any CPU
	EndGlobalSection
	GlobalSection(SolutionProperties) = preSolution
		HideSolutionNode = FALSE
	EndGlobalSection
	GlobalSection(ExtensibilityGlobals) = postSolution
		SolutionGuid = {7CEA60F7-B6AF-4364-8E42-C20A29E99912}
	EndGlobalSection
EndGlobal
